
Microsoft Visual Studio Solution File, Format Version 12.00
# Visual Studio Version 17
VisualStudioVersion = 17.4.33110.190
MinimumVisualStudioVersion = 10.0.40219.1
Project("{2150E333-8FDC-42A3-9474-1A3956D46DE8}") = "Solution Items", "Solution Items", "{6B072AB8-B5CB-4CB4-BD51-E89192DBA158}"
	ProjectSection(SolutionItems) = preProject
		.editorconfig = .editorconfig
		..\LICENSE = ..\LICENSE
		README.md = README.md
		Stuart_Williams.png = Stuart_Williams.png
	EndProjectSection
EndProject
Project("{2150E333-8FDC-42A3-9474-1A3956D46DE8}") = "Scripts", "Scripts", "{1FDBA176-E981-42A1-BF8A-010F0FFBF241}"
	ProjectSection(SolutionItems) = preProject
		..\scripts\elastic-start.ps1 = ..\scripts\elastic-start.ps1
		..\scripts\elastic-start.sh = ..\scripts\elastic-start.sh
		..\scripts\elastic-stop.ps1 = ..\scripts\elastic-stop.ps1
		..\scripts\elastic-stop.sh = ..\scripts\elastic-stop.sh
	EndProjectSection
EndProject
Project("{9A19103F-16F7-4668-BE54-9A1E7A4F7556}") = "Elastic-Simple-Search.Test", "Elastic-Simple-Search.test\Elastic-Simple-Search.Test.csproj", "{B2DF7B6B-511A-401F-B81C-49BF10A5AB3B}"
EndProject
Global
	GlobalSection(SolutionConfigurationPlatforms) = preSolution
		Debug|Any CPU = Debug|Any CPU
		Debug|x64 = Debug|x64
		Debug|x86 = Debug|x86
		Release|Any CPU = Release|Any CPU
		Release|x64 = Release|x64
		Release|x86 = Release|x86
	EndGlobalSection
	GlobalSection(ProjectConfigurationPlatforms) = postSolution
		{B2DF7B6B-511A-401F-B81C-49BF10A5AB3B}.Debug|Any CPU.ActiveCfg = Debug|Any CPU
		{B2DF7B6B-511A-401F-B81C-49BF10A5AB3B}.Debug|Any CPU.Build.0 = Debug|Any CPU
		{B2DF7B6B-511A-401F-B81C-49BF10A5AB3B}.Debug|x64.ActiveCfg = Debug|Any CPU
		{B2DF7B6B-511A-401F-B81C-49BF10A5AB3B}.Debug|x64.Build.0 = Debug|Any CPU
		{B2DF7B6B-511A-401F-B81C-49BF10A5AB3B}.Debug|x86.ActiveCfg = Debug|Any CPU
		{B2DF7B6B-511A-401F-B81C-49BF10A5AB3B}.Debug|x86.Build.0 = Debug|Any CPU
		{B2DF7B6B-511A-401F-B81C-49BF10A5AB3B}.Release|Any CPU.ActiveCfg = Release|Any CPU
		{B2DF7B6B-511A-401F-B81C-49BF10A5AB3B}.Release|Any CPU.Build.0 = Release|Any CPU
		{B2DF7B6B-511A-401F-B81C-49BF10A5AB3B}.Release|x64.ActiveCfg = Release|Any CPU
		{B2DF7B6B-511A-401F-B81C-49BF10A5AB3B}.Release|x64.Build.0 = Release|Any CPU
		{B2DF7B6B-511A-401F-B81C-49BF10A5AB3B}.Release|x86.ActiveCfg = Release|Any CPU
		{B2DF7B6B-511A-401F-B81C-49BF10A5AB3B}.Release|x86.Build.0 = Release|Any CPU
	EndGlobalSection
	GlobalSection(SolutionProperties) = preSolution
		HideSolutionNode = FALSE
	EndGlobalSection
	GlobalSection(ExtensibilityGlobals) = postSolution
		SolutionGuid = {75389F94-FAA7-4454-891D-D7BD4EB497AB}
	EndGlobalSection
EndGlobal
